
Microsoft Visual Studio Solution File, Format Version 12.00
# Visual Studio Version 17
VisualStudioVersion = 17.3.32901.215
MinimumVisualStudioVersion = 10.0.40219.1
Project("{FAE04EC0-301F-11D3-BF4B-00C04F79EFBC}") = "uygulama6", "uygulama6\uygulama6.csproj", "{9FF09B8F-082E-47B5-99E7-C105B98DA74B}"
EndProject
Global
	GlobalSection(SolutionConfigurationPlatforms) = preSolution
		Debug|Any CPU = Debug|Any CPU
		Release|Any CPU = Release|Any CPU
	EndGlobalSection
	GlobalSection(ProjectConfigurationPlatforms) = postSolution
		{9FF09B8F-082E-47B5-99E7-C105B98DA74B}.Debug|Any CPU.ActiveCfg = Debug|Any CPU
		{9FF09B8F-082E-47B5-99E7-C105B98DA74B}.Debug|Any CPU.Build.0 = Debug|Any CPU
		{9FF09B8F-082E-47B5-99E7-C105B98DA74B}.Release|Any CPU.ActiveCfg = Release|Any CPU
		{9FF09B8F-082E-47B5-99E7-C105B98DA74B}.Release|Any CPU.Build.0 = Release|Any CPU
	EndGlobalSection
	GlobalSection(SolutionProperties) = preSolution
		HideSolutionNode = FALSE
	EndGlobalSection
	GlobalSection(ExtensibilityGlobals) = postSolution
		SolutionGuid = {AD9C2E7F-E540-4DE4-A756-BE7958DB39F8}
	EndGlobalSection
EndGlobal
